
Microsoft Visual Studio Solution File, Format Version 12.00
# Visual Studio Version 17
VisualStudioVersion = 17.11.35222.181
MinimumVisualStudioVersion = 10.0.40219.1
Project("{FAE04EC0-301F-11D3-BF4B-00C04F79EFBC}") = "PBO PRAKTIKUM 1", "PBO PRAKTIKUM 1.csproj", "{1A8BC9AE-BA11-4277-A5D0-AC0ACAB1151E}"
EndProject
Global
	GlobalSection(SolutionConfigurationPlatforms) = preSolution
		Debug|Any CPU = Debug|Any CPU
		Release|Any CPU = Release|Any CPU
	EndGlobalSection
	GlobalSection(ProjectConfigurationPlatforms) = postSolution
		{1A8BC9AE-BA11-4277-A5D0-AC0ACAB1151E}.Debug|Any CPU.ActiveCfg = Debug|Any CPU
		{1A8BC9AE-BA11-4277-A5D0-AC0ACAB1151E}.Debug|Any CPU.Build.0 = Debug|Any CPU
		{1A8BC9AE-BA11-4277-A5D0-AC0ACAB1151E}.Release|Any CPU.ActiveCfg = Release|Any CPU
		{1A8BC9AE-BA11-4277-A5D0-AC0ACAB1151E}.Release|Any CPU.Build.0 = Release|Any CPU
	EndGlobalSection
	GlobalSection(SolutionProperties) = preSolution
		HideSolutionNode = FALSE
	EndGlobalSection
	GlobalSection(ExtensibilityGlobals) = postSolution
		SolutionGuid = {27A2DA42-03BD-40D6-ABCC-48ABF2223700}
	EndGlobalSection
EndGlobal
